
Microsoft Visual Studio Solution File, Format Version 12.00
# Visual Studio Version 16
VisualStudioVersion = 16.0.32413.511
MinimumVisualStudioVersion = 10.0.40219.1
Project("{FAE04EC0-301F-11D3-BF4B-00C04F79EFBC}") = "Reorganize String", "Reorganize String\Reorganize String.csproj", "{E5B2AF5F-ED2D-4B38-8D07-0F746176D6EC}"
EndProject
Global
	GlobalSection(SolutionConfigurationPlatforms) = preSolution
		Debug|Any CPU = Debug|Any CPU
		Release|Any CPU = Release|Any CPU
	EndGlobalSection
	GlobalSection(ProjectConfigurationPlatforms) = postSolution
		{E5B2AF5F-ED2D-4B38-8D07-0F746176D6EC}.Debug|Any CPU.ActiveCfg = Debug|Any CPU
		{E5B2AF5F-ED2D-4B38-8D07-0F746176D6EC}.Debug|Any CPU.Build.0 = Debug|Any CPU
		{E5B2AF5F-ED2D-4B38-8D07-0F746176D6EC}.Release|Any CPU.ActiveCfg = Release|Any CPU
		{E5B2AF5F-ED2D-4B38-8D07-0F746176D6EC}.Release|Any CPU.Build.0 = Release|Any CPU
	EndGlobalSection
	GlobalSection(SolutionProperties) = preSolution
		HideSolutionNode = FALSE
	EndGlobalSection
	GlobalSection(ExtensibilityGlobals) = postSolution
		SolutionGuid = {1850399A-39B6-45EC-A731-2DA9F6CB780A}
	EndGlobalSection
EndGlobal
